
Microsoft Visual Studio Solution File, Format Version 12.00
# Visual Studio Version 16
VisualStudioVersion = 16.0.31727.386
MinimumVisualStudioVersion = 10.0.40219.1
Project("{FAE04EC0-301F-11D3-BF4B-00C04F79EFBC}") = "MalitaxiExamen.Android", "MalitaxiExamen.Android\MalitaxiExamen.Android.csproj", "{97456AFC-38AF-4A70-8A62-80FD7089C7DB}"
EndProject
Project("{FAE04EC0-301F-11D3-BF4B-00C04F79EFBC}") = "MalitaxiExamen.iOS", "MalitaxiExamen.iOS\MalitaxiExamen.iOS.csproj", "{250F18B8-D2DC-4960-9011-87FBF394BCB1}"
EndProject
Project("{FAE04EC0-301F-11D3-BF4B-00C04F79EFBC}") = "MalitaxiExamen", "MalitaxiExamen\MalitaxiExamen.csproj", "{3BFD0743-88F0-483A-AB96-62D07CFC56C6}"
EndProject
Global
	GlobalSection(SolutionConfigurationPlatforms) = preSolution
		Debug|Any CPU = Debug|Any CPU
		Debug|iPhone = Debug|iPhone
		Debug|iPhoneSimulator = Debug|iPhoneSimulator
		Release|Any CPU = Release|Any CPU
		Release|iPhone = Release|iPhone
		Release|iPhoneSimulator = Release|iPhoneSimulator
	EndGlobalSection
	GlobalSection(ProjectConfigurationPlatforms) = postSolution
		{97456AFC-38AF-4A70-8A62-80FD7089C7DB}.Debug|Any CPU.ActiveCfg = Debug|Any CPU
		{97456AFC-38AF-4A70-8A62-80FD7089C7DB}.Debug|Any CPU.Build.0 = Debug|Any CPU
		{97456AFC-38AF-4A70-8A62-80FD7089C7DB}.Debug|Any CPU.Deploy.0 = Debug|Any CPU
		{97456AFC-38AF-4A70-8A62-80FD7089C7DB}.Debug|iPhone.ActiveCfg = Debug|Any CPU
		{97456AFC-38AF-4A70-8A62-80FD7089C7DB}.Debug|iPhone.Build.0 = Debug|Any CPU
		{97456AFC-38AF-4A70-8A62-80FD7089C7DB}.Debug|iPhone.Deploy.0 = Debug|Any CPU
		{97456AFC-38AF-4A70-8A62-80FD7089C7DB}.Debug|iPhoneSimulator.ActiveCfg = Debug|Any CPU
		{97456AFC-38AF-4A70-8A62-80FD7089C7DB}.Debug|iPhoneSimulator.Build.0 = Debug|Any CPU
		{97456AFC-38AF-4A70-8A62-80FD7089C7DB}.Debug|iPhoneSimulator.Deploy.0 = Debug|Any CPU
		{97456AFC-38AF-4A70-8A62-80FD7089C7DB}.Release|Any CPU.ActiveCfg = Release|Any CPU
		{97456AFC-38AF-4A70-8A62-80FD7089C7DB}.Release|Any CPU.Build.0 = Release|Any CPU
		{97456AFC-38AF-4A70-8A62-80FD7089C7DB}.Release|Any CPU.Deploy.0 = Release|Any CPU
		{97456AFC-38AF-4A70-8A62-80FD7089C7DB}.Release|iPhone.ActiveCfg = Release|Any CPU
		{97456AFC-38AF-4A70-8A62-80FD7089C7DB}.Release|iPhone.Build.0 = Release|Any CPU
		{97456AFC-38AF-4A70-8A62-80FD7089C7DB}.Release|iPhone.Deploy.0 = Release|Any CPU
		{97456AFC-38AF-4A70-8A62-80FD7089C7DB}.Release|iPhoneSimulator.ActiveCfg = Release|Any CPU
		{97456AFC-38AF-4A70-8A62-80FD7089C7DB}.Release|iPhoneSimulator.Build.0 = Release|Any CPU
		{97456AFC-38AF-4A70-8A62-80FD7089C7DB}.Release|iPhoneSimulator.Deploy.0 = Release|Any CPU
		{250F18B8-D2DC-4960-9011-87FBF394BCB1}.Debug|Any CPU.ActiveCfg = Debug|iPhone
		{250F18B8-D2DC-4960-9011-87FBF394BCB1}.Debug|Any CPU.Build.0 = Debug|iPhone
		{250F18B8-D2DC-4960-9011-87FBF394BCB1}.Debug|Any CPU.Deploy.0 = Debug|iPhone
		{250F18B8-D2DC-4960-9011-87FBF394BCB1}.Debug|iPhone.ActiveCfg = Debug|iPhone
		{250F18B8-D2DC-4960-9011-87FBF394BCB1}.Debug|iPhone.Build.0 = Debug|iPhone
		{250F18B8-D2DC-4960-9011-87FBF394BCB1}.Debug|iPhone.Deploy.0 = Debug|iPhone
		{250F18B8-D2DC-4960-9011-87FBF394BCB1}.Debug|iPhoneSimulator.ActiveCfg = Debug|iPhoneSimulator
		{250F18B8-D2DC-4960-9011-87FBF394BCB1}.Debug|iPhoneSimulator.Build.0 = Debug|iPhoneSimulator
		{250F18B8-D2DC-4960-9011-87FBF394BCB1}.Debug|iPhoneSimulator.Deploy.0 = Debug|iPhoneSimulator
		{250F18B8-D2DC-4960-9011-87FBF394BCB1}.Release|Any CPU.ActiveCfg = Release|iPhoneSimulator
		{250F18B8-D2DC-4960-9011-87FBF394BCB1}.Release|Any CPU.Build.0 = Release|iPhoneSimulator
		{250F18B8-D2DC-4960-9011-87FBF394BCB1}.Release|Any CPU.Deploy.0 = Release|iPhoneSimulator
		{250F18B8-D2DC-4960-9011-87FBF394BCB1}.Release|iPhone.ActiveCfg = Release|iPhone
		{250F18B8-D2DC-4960-9011-87FBF394BCB1}.Release|iPhone.Build.0 = Release|iPhone
		{250F18B8-D2DC-4960-9011-87FBF394BCB1}.Release|iPhone.Deploy.0 = Release|iPhone
		{250F18B8-D2DC-4960-9011-87FBF394BCB1}.Release|iPhoneSimulator.ActiveCfg = Release|iPhoneSimulator
		{250F18B8-D2DC-4960-9011-87FBF394BCB1}.Release|iPhoneSimulator.Build.0 = Release|iPhoneSimulator
		{250F18B8-D2DC-4960-9011-87FBF394BCB1}.Release|iPhoneSimulator.Deploy.0 = Release|iPhoneSimulator
		{3BFD0743-88F0-483A-AB96-62D07CFC56C6}.Debug|Any CPU.ActiveCfg = Debug|Any CPU
		{3BFD0743-88F0-483A-AB96-62D07CFC56C6}.Debug|Any CPU.Build.0 = Debug|Any CPU
		{3BFD0743-88F0-483A-AB96-62D07CFC56C6}.Debug|Any CPU.Deploy.0 = Debug|Any CPU
		{3BFD0743-88F0-483A-AB96-62D07CFC56C6}.Debug|iPhone.ActiveCfg = Debug|Any CPU
		{3BFD0743-88F0-483A-AB96-62D07CFC56C6}.Debug|iPhone.Build.0 = Debug|Any CPU
		{3BFD0743-88F0-483A-AB96-62D07CFC56C6}.Debug|iPhone.Deploy.0 = Debug|Any CPU
		{3BFD0743-88F0-483A-AB96-62D07CFC56C6}.Debug|iPhoneSimulator.ActiveCfg = Debug|Any CPU
		{3BFD0743-88F0-483A-AB96-62D07CFC56C6}.Debug|iPhoneSimulator.Build.0 = Debug|Any CPU
		{3BFD0743-88F0-483A-AB96-62D07CFC56C6}.Debug|iPhoneSimulator.Deploy.0 = Debug|Any CPU
		{3BFD0743-88F0-483A-AB96-62D07CFC56C6}.Release|Any CPU.ActiveCfg = Release|Any CPU
		{3BFD0743-88F0-483A-AB96-62D07CFC56C6}.Release|Any CPU.Build.0 = Release|Any CPU
		{3BFD0743-88F0-483A-AB96-62D07CFC56C6}.Release|Any CPU.Deploy.0 = Release|Any CPU
		{3BFD0743-88F0-483A-AB96-62D07CFC56C6}.Release|iPhone.ActiveCfg = Release|Any CPU
		{3BFD0743-88F0-483A-AB96-62D07CFC56C6}.Release|iPhone.Build.0 = Release|Any CPU
		{3BFD0743-88F0-483A-AB96-62D07CFC56C6}.Release|iPhone.Deploy.0 = Release|Any CPU
		{3BFD0743-88F0-483A-AB96-62D07CFC56C6}.Release|iPhoneSimulator.ActiveCfg = Release|Any CPU
		{3BFD0743-88F0-483A-AB96-62D07CFC56C6}.Release|iPhoneSimulator.Build.0 = Release|Any CPU
		{3BFD0743-88F0-483A-AB96-62D07CFC56C6}.Release|iPhoneSimulator.Deploy.0 = Release|Any CPU
	EndGlobalSection
	GlobalSection(SolutionProperties) = preSolution
		HideSolutionNode = FALSE
	EndGlobalSection
	GlobalSection(ExtensibilityGlobals) = postSolution
		SolutionGuid = {3E1EA173-EFA4-4ADF-B2BC-2D271B590EBF}
	EndGlobalSection
EndGlobal
